
Microsoft Visual Studio Solution File, Format Version 12.00
# Visual Studio Version 17
VisualStudioVersion = 17.0.31903.59
MinimumVisualStudioVersion = 10.0.40219.1
Project("{2150E333-8FDC-42A3-9474-1A3956D46DE8}") = "src", "src", "{827E0CD3-B72D-47B6-A68D-7590B98EB39B}"
EndProject
Project("{2150E333-8FDC-42A3-9474-1A3956D46DE8}") = "BuildingBlocks", "BuildingBlocks", "{90298CBA-BD6F-3A0A-69D5-97CAD7B05E7E}"
EndProject
Project("{2150E333-8FDC-42A3-9474-1A3956D46DE8}") = "Shared", "Shared", "{736F89C7-C5C5-62B3-32BC-46A086522850}"
EndProject
Project("{FAE04EC0-301F-11D3-BF4B-00C04F79EFBC}") = "MusicRec.Shared", "src\BuildingBlocks\Shared\MusicRec.Shared.csproj", "{11F46CA1-0AC6-4C99-A22B-63DE02E899FC}"
EndProject
Project("{2150E333-8FDC-42A3-9474-1A3956D46DE8}") = "Abstractions", "Abstractions", "{C92A0B3C-F306-3651-C119-886307923D07}"
EndProject
Project("{FAE04EC0-301F-11D3-BF4B-00C04F79EFBC}") = "MusicRec.Abstractions", "src\BuildingBlocks\Abstractions\MusicRec.Abstractions.csproj", "{0B003F5C-81C5-4EC7-85C5-D3ECEF2EED87}"
EndProject
Project("{2150E333-8FDC-42A3-9474-1A3956D46DE8}") = "Contracts", "Contracts", "{6A36946C-4F06-BE70-24E6-0B0F125A7F9F}"
EndProject
Project("{FAE04EC0-301F-11D3-BF4B-00C04F79EFBC}") = "MusicRec.Contracts", "src\BuildingBlocks\Contracts\MusicRec.Contracts.csproj", "{6E940B2B-71AA-463E-AB4A-DB2F78B576A8}"
EndProject
Project("{2150E333-8FDC-42A3-9474-1A3956D46DE8}") = "Infrastructure", "Infrastructure", "{A7446B4C-3630-9B3B-F288-1F78CD1B2B87}"
EndProject
Project("{FAE04EC0-301F-11D3-BF4B-00C04F79EFBC}") = "MusicRec.Infrastructure", "src\BuildingBlocks\Infrastructure\MusicRec.Infrastructure.csproj", "{54558AD5-6122-4ABE-ADA0-7D07A3C4AD83}"
EndProject
Project("{2150E333-8FDC-42A3-9474-1A3956D46DE8}") = "Modules", "Modules", "{EC447DCF-ABFA-6E24-52A5-D7FD48A5C558}"
EndProject
Project("{2150E333-8FDC-42A3-9474-1A3956D46DE8}") = "Identity", "Identity", "{0EC62A1A-9858-3A60-8A0C-FC9AACFA2EC7}"
EndProject
Project("{FAE04EC0-301F-11D3-BF4B-00C04F79EFBC}") = "MusicRec.Identity", "src\Modules\Identity\MusicRec.Identity.csproj", "{BE8F623B-0FCF-401E-B54A-835B5849DDF4}"
EndProject
Project("{2150E333-8FDC-42A3-9474-1A3956D46DE8}") = "Infrastructure", "Infrastructure", "{9048EB7F-3875-A59E-E36B-5BD4C6F2A282}"
EndProject
Project("{2150E333-8FDC-42A3-9474-1A3956D46DE8}") = "Spotify", "Spotify", "{4C433B7C-37F5-E94F-BEEE-DFE0AC547019}"
EndProject
Project("{FAE04EC0-301F-11D3-BF4B-00C04F79EFBC}") = "MusicRec.Spotify", "src\Infrastructure\Spotify\MusicRec.Spotify.csproj", "{4850E01C-D0B8-48FF-B81E-CED57794DD1E}"
EndProject
Project("{2150E333-8FDC-42A3-9474-1A3956D46DE8}") = "Web", "Web", "{03997797-E7F5-0643-168D-B8EA7178C2FE}"
EndProject
Project("{FAE04EC0-301F-11D3-BF4B-00C04F79EFBC}") = "MusicRec.WebApi", "src\Web\MusicRec.WebApi\MusicRec.WebApi.csproj", "{3481D7F2-205F-4C3C-AE51-2A617BF7EC97}"
EndProject
Project("{2150E333-8FDC-42A3-9474-1A3956D46DE8}") = "Catalog", "Catalog", "{1E1EF545-4C18-AEE2-B997-7EF431518D3F}"
EndProject
Project("{FAE04EC0-301F-11D3-BF4B-00C04F79EFBC}") = "MusicRec.Catalog", "src\Modules\Catalog\MusicRec.Catalog.csproj", "{2B71D366-D01E-4DA7-9929-8022B650B130}"
EndProject
Project("{2150E333-8FDC-42A3-9474-1A3956D46DE8}") = "AudioFeatures", "AudioFeatures", "{46654706-AECF-9DFF-EB3C-EFBCAB2F9C56}"
EndProject
Project("{FAE04EC0-301F-11D3-BF4B-00C04F79EFBC}") = "MusicRec.AudioFeatures", "src\Modules\AudioFeatures\MusicRec.AudioFeatures.csproj", "{3870E124-CAB0-4FE8-B106-D1F69F3B42B2}"
EndProject
Project("{2150E333-8FDC-42A3-9474-1A3956D46DE8}") = "Search", "Search", "{6E7B6FB6-1E98-6448-75A1-2A21B50F43BA}"
EndProject
Project("{FAE04EC0-301F-11D3-BF4B-00C04F79EFBC}") = "MusicRec.Search", "src\Modules\Search\MusicRec.Search.csproj", "{DDC9CE98-0935-4AFD-936F-225C26140C15}"
EndProject
Project("{2150E333-8FDC-42A3-9474-1A3956D46DE8}") = "Player", "Player", "{ED946FF7-A0A1-1D4E-31A9-2DE30C149B20}"
EndProject
Project("{FAE04EC0-301F-11D3-BF4B-00C04F79EFBC}") = "MusicRec.Player", "src\Modules\Player\MusicRec.Player.csproj", "{535AA7C2-C72D-4FA6-ADB3-C97565F57B3A}"
EndProject
Project("{2150E333-8FDC-42A3-9474-1A3956D46DE8}") = "Favorites", "Favorites", "{4F43CFE1-0B6A-E010-978F-8535D91792BE}"
EndProject
Project("{FAE04EC0-301F-11D3-BF4B-00C04F79EFBC}") = "MusicRec.Favorites", "src\Modules\Favorites\MusicRec.Favorites.csproj", "{2E7BC511-5B57-4B24-8BA0-D7B697DFDD56}"
EndProject
Project("{2150E333-8FDC-42A3-9474-1A3956D46DE8}") = "Playlist", "Playlist", "{D5192F4A-E912-1A79-36EB-79C16AE1EE9C}"
EndProject
Project("{FAE04EC0-301F-11D3-BF4B-00C04F79EFBC}") = "MusicRec.Playlist", "src\Modules\Playlist\MusicRec.Playlist.csproj", "{F05C31D7-B68B-415B-BEFE-FC6EACD55BFA}"
EndProject
Project("{2150E333-8FDC-42A3-9474-1A3956D46DE8}") = "UserBehavior", "UserBehavior", "{0C41E04B-02F0-4CF3-7D15-77AB6142752C}"
EndProject
Project("{FAE04EC0-301F-11D3-BF4B-00C04F79EFBC}") = "MusicRec.UserBehavior", "src\Modules\UserBehavior\MusicRec.UserBehavior.csproj", "{1A4CE0C3-614E-4E11-B400-E5642DD3FAA8}"
EndProject
Global
	GlobalSection(SolutionConfigurationPlatforms) = preSolution
		Debug|Any CPU = Debug|Any CPU
		Debug|x64 = Debug|x64
		Debug|x86 = Debug|x86
		Release|Any CPU = Release|Any CPU
		Release|x64 = Release|x64
		Release|x86 = Release|x86
	EndGlobalSection
	GlobalSection(ProjectConfigurationPlatforms) = postSolution
		{11F46CA1-0AC6-4C99-A22B-63DE02E899FC}.Debug|Any CPU.ActiveCfg = Debug|Any CPU
		{11F46CA1-0AC6-4C99-A22B-63DE02E899FC}.Debug|Any CPU.Build.0 = Debug|Any CPU
		{11F46CA1-0AC6-4C99-A22B-63DE02E899FC}.Debug|x64.ActiveCfg = Debug|Any CPU
		{11F46CA1-0AC6-4C99-A22B-63DE02E899FC}.Debug|x64.Build.0 = Debug|Any CPU
		{11F46CA1-0AC6-4C99-A22B-63DE02E899FC}.Debug|x86.ActiveCfg = Debug|Any CPU
		{11F46CA1-0AC6-4C99-A22B-63DE02E899FC}.Debug|x86.Build.0 = Debug|Any CPU
		{11F46CA1-0AC6-4C99-A22B-63DE02E899FC}.Release|Any CPU.ActiveCfg = Release|Any CPU
		{11F46CA1-0AC6-4C99-A22B-63DE02E899FC}.Release|Any CPU.Build.0 = Release|Any CPU
		{11F46CA1-0AC6-4C99-A22B-63DE02E899FC}.Release|x64.ActiveCfg = Release|Any CPU
		{11F46CA1-0AC6-4C99-A22B-63DE02E899FC}.Release|x64.Build.0 = Release|Any CPU
		{11F46CA1-0AC6-4C99-A22B-63DE02E899FC}.Release|x86.ActiveCfg = Release|Any CPU
		{11F46CA1-0AC6-4C99-A22B-63DE02E899FC}.Release|x86.Build.0 = Release|Any CPU
		{0B003F5C-81C5-4EC7-85C5-D3ECEF2EED87}.Debug|Any CPU.ActiveCfg = Debug|Any CPU
		{0B003F5C-81C5-4EC7-85C5-D3ECEF2EED87}.Debug|Any CPU.Build.0 = Debug|Any CPU
		{0B003F5C-81C5-4EC7-85C5-D3ECEF2EED87}.Debug|x64.ActiveCfg = Debug|Any CPU
		{0B003F5C-81C5-4EC7-85C5-D3ECEF2EED87}.Debug|x64.Build.0 = Debug|Any CPU
		{0B003F5C-81C5-4EC7-85C5-D3ECEF2EED87}.Debug|x86.ActiveCfg = Debug|Any CPU
		{0B003F5C-81C5-4EC7-85C5-D3ECEF2EED87}.Debug|x86.Build.0 = Debug|Any CPU
		{0B003F5C-81C5-4EC7-85C5-D3ECEF2EED87}.Release|Any CPU.ActiveCfg = Release|Any CPU
		{0B003F5C-81C5-4EC7-85C5-D3ECEF2EED87}.Release|Any CPU.Build.0 = Release|Any CPU
		{0B003F5C-81C5-4EC7-85C5-D3ECEF2EED87}.Release|x64.ActiveCfg = Release|Any CPU
		{0B003F5C-81C5-4EC7-85C5-D3ECEF2EED87}.Release|x64.Build.0 = Release|Any CPU
		{0B003F5C-81C5-4EC7-85C5-D3ECEF2EED87}.Release|x86.ActiveCfg = Release|Any CPU
		{0B003F5C-81C5-4EC7-85C5-D3ECEF2EED87}.Release|x86.Build.0 = Release|Any CPU
		{6E940B2B-71AA-463E-AB4A-DB2F78B576A8}.Debug|Any CPU.ActiveCfg = Debug|Any CPU
		{6E940B2B-71AA-463E-AB4A-DB2F78B576A8}.Debug|Any CPU.Build.0 = Debug|Any CPU
		{6E940B2B-71AA-463E-AB4A-DB2F78B576A8}.Debug|x64.ActiveCfg = Debug|Any CPU
		{6E940B2B-71AA-463E-AB4A-DB2F78B576A8}.Debug|x64.Build.0 = Debug|Any CPU
		{6E940B2B-71AA-463E-AB4A-DB2F78B576A8}.Debug|x86.ActiveCfg = Debug|Any CPU
		{6E940B2B-71AA-463E-AB4A-DB2F78B576A8}.Debug|x86.Build.0 = Debug|Any CPU
		{6E940B2B-71AA-463E-AB4A-DB2F78B576A8}.Release|Any CPU.ActiveCfg = Release|Any CPU
		{6E940B2B-71AA-463E-AB4A-DB2F78B576A8}.Release|Any CPU.Build.0 = Release|Any CPU
		{6E940B2B-71AA-463E-AB4A-DB2F78B576A8}.Release|x64.ActiveCfg = Release|Any CPU
		{6E940B2B-71AA-463E-AB4A-DB2F78B576A8}.Release|x64.Build.0 = Release|Any CPU
		{6E940B2B-71AA-463E-AB4A-DB2F78B576A8}.Release|x86.ActiveCfg = Release|Any CPU
		{6E940B2B-71AA-463E-AB4A-DB2F78B576A8}.Release|x86.Build.0 = Release|Any CPU
		{54558AD5-6122-4ABE-ADA0-7D07A3C4AD83}.Debug|Any CPU.ActiveCfg = Debug|Any CPU
		{54558AD5-6122-4ABE-ADA0-7D07A3C4AD83}.Debug|Any CPU.Build.0 = Debug|Any CPU
		{54558AD5-6122-4ABE-ADA0-7D07A3C4AD83}.Debug|x64.ActiveCfg = Debug|Any CPU
		{54558AD5-6122-4ABE-ADA0-7D07A3C4AD83}.Debug|x64.Build.0 = Debug|Any CPU
		{54558AD5-6122-4ABE-ADA0-7D07A3C4AD83}.Debug|x86.ActiveCfg = Debug|Any CPU
		{54558AD5-6122-4ABE-ADA0-7D07A3C4AD83}.Debug|x86.Build.0 = Debug|Any CPU
		{54558AD5-6122-4ABE-ADA0-7D07A3C4AD83}.Release|Any CPU.ActiveCfg = Release|Any CPU
		{54558AD5-6122-4ABE-ADA0-7D07A3C4AD83}.Release|Any CPU.Build.0 = Release|Any CPU
		{54558AD5-6122-4ABE-ADA0-7D07A3C4AD83}.Release|x64.ActiveCfg = Release|Any CPU
		{54558AD5-6122-4ABE-ADA0-7D07A3C4AD83}.Release|x64.Build.0 = Release|Any CPU
		{54558AD5-6122-4ABE-ADA0-7D07A3C4AD83}.Release|x86.ActiveCfg = Release|Any CPU
		{54558AD5-6122-4ABE-ADA0-7D07A3C4AD83}.Release|x86.Build.0 = Release|Any CPU
		{BE8F623B-0FCF-401E-B54A-835B5849DDF4}.Debug|Any CPU.ActiveCfg = Debug|Any CPU
		{BE8F623B-0FCF-401E-B54A-835B5849DDF4}.Debug|Any CPU.Build.0 = Debug|Any CPU
		{BE8F623B-0FCF-401E-B54A-835B5849DDF4}.Debug|x64.ActiveCfg = Debug|Any CPU
		{BE8F623B-0FCF-401E-B54A-835B5849DDF4}.Debug|x64.Build.0 = Debug|Any CPU
		{BE8F623B-0FCF-401E-B54A-835B5849DDF4}.Debug|x86.ActiveCfg = Debug|Any CPU
		{BE8F623B-0FCF-401E-B54A-835B5849DDF4}.Debug|x86.Build.0 = Debug|Any CPU
		{BE8F623B-0FCF-401E-B54A-835B5849DDF4}.Release|Any CPU.ActiveCfg = Release|Any CPU
		{BE8F623B-0FCF-401E-B54A-835B5849DDF4}.Release|Any CPU.Build.0 = Release|Any CPU
		{BE8F623B-0FCF-401E-B54A-835B5849DDF4}.Release|x64.ActiveCfg = Release|Any CPU
		{BE8F623B-0FCF-401E-B54A-835B5849DDF4}.Release|x64.Build.0 = Release|Any CPU
		{BE8F623B-0FCF-401E-B54A-835B5849DDF4}.Release|x86.ActiveCfg = Release|Any CPU
		{BE8F623B-0FCF-401E-B54A-835B5849DDF4}.Release|x86.Build.0 = Release|Any CPU
		{4850E01C-D0B8-48FF-B81E-CED57794DD1E}.Debug|Any CPU.ActiveCfg = Debug|Any CPU
		{4850E01C-D0B8-48FF-B81E-CED57794DD1E}.Debug|Any CPU.Build.0 = Debug|Any CPU
		{4850E01C-D0B8-48FF-B81E-CED57794DD1E}.Debug|x64.ActiveCfg = Debug|Any CPU
		{4850E01C-D0B8-48FF-B81E-CED57794DD1E}.Debug|x64.Build.0 = Debug|Any CPU
		{4850E01C-D0B8-48FF-B81E-CED57794DD1E}.Debug|x86.ActiveCfg = Debug|Any CPU
		{4850E01C-D0B8-48FF-B81E-CED57794DD1E}.Debug|x86.Build.0 = Debug|Any CPU
		{4850E01C-D0B8-48FF-B81E-CED57794DD1E}.Release|Any CPU.ActiveCfg = Release|Any CPU
		{4850E01C-D0B8-48FF-B81E-CED57794DD1E}.Release|Any CPU.Build.0 = Release|Any CPU
		{4850E01C-D0B8-48FF-B81E-CED57794DD1E}.Release|x64.ActiveCfg = Release|Any CPU
		{4850E01C-D0B8-48FF-B81E-CED57794DD1E}.Release|x64.Build.0 = Release|Any CPU
		{4850E01C-D0B8-48FF-B81E-CED57794DD1E}.Release|x86.ActiveCfg = Release|Any CPU
		{4850E01C-D0B8-48FF-B81E-CED57794DD1E}.Release|x86.Build.0 = Release|Any CPU
		{3481D7F2-205F-4C3C-AE51-2A617BF7EC97}.Debug|Any CPU.ActiveCfg = Debug|Any CPU
		{3481D7F2-205F-4C3C-AE51-2A617BF7EC97}.Debug|Any CPU.Build.0 = Debug|Any CPU
		{3481D7F2-205F-4C3C-AE51-2A617BF7EC97}.Debug|x64.ActiveCfg = Debug|Any CPU
		{3481D7F2-205F-4C3C-AE51-2A617BF7EC97}.Debug|x64.Build.0 = Debug|Any CPU
		{3481D7F2-205F-4C3C-AE51-2A617BF7EC97}.Debug|x86.ActiveCfg = Debug|Any CPU
		{3481D7F2-205F-4C3C-AE51-2A617BF7EC97}.Debug|x86.Build.0 = Debug|Any CPU
		{3481D7F2-205F-4C3C-AE51-2A617BF7EC97}.Release|Any CPU.ActiveCfg = Release|Any CPU
		{3481D7F2-205F-4C3C-AE51-2A617BF7EC97}.Release|Any CPU.Build.0 = Release|Any CPU
		{3481D7F2-205F-4C3C-AE51-2A617BF7EC97}.Release|x64.ActiveCfg = Release|Any CPU
		{3481D7F2-205F-4C3C-AE51-2A617BF7EC97}.Release|x64.Build.0 = Release|Any CPU
		{3481D7F2-205F-4C3C-AE51-2A617BF7EC97}.Release|x86.ActiveCfg = Release|Any CPU
		{3481D7F2-205F-4C3C-AE51-2A617BF7EC97}.Release|x86.Build.0 = Release|Any CPU
		{2B71D366-D01E-4DA7-9929-8022B650B130}.Debug|Any CPU.ActiveCfg = Debug|Any CPU
		{2B71D366-D01E-4DA7-9929-8022B650B130}.Debug|Any CPU.Build.0 = Debug|Any CPU
		{2B71D366-D01E-4DA7-9929-8022B650B130}.Debug|x64.ActiveCfg = Debug|Any CPU
		{2B71D366-D01E-4DA7-9929-8022B650B130}.Debug|x64.Build.0 = Debug|Any CPU
		{2B71D366-D01E-4DA7-9929-8022B650B130}.Debug|x86.ActiveCfg = Debug|Any CPU
		{2B71D366-D01E-4DA7-9929-8022B650B130}.Debug|x86.Build.0 = Debug|Any CPU
		{2B71D366-D01E-4DA7-9929-8022B650B130}.Release|Any CPU.ActiveCfg = Release|Any CPU
		{2B71D366-D01E-4DA7-9929-8022B650B130}.Release|Any CPU.Build.0 = Release|Any CPU
		{2B71D366-D01E-4DA7-9929-8022B650B130}.Release|x64.ActiveCfg = Release|Any CPU
		{2B71D366-D01E-4DA7-9929-8022B650B130}.Release|x64.Build.0 = Release|Any CPU
		{2B71D366-D01E-4DA7-9929-8022B650B130}.Release|x86.ActiveCfg = Release|Any CPU
		{2B71D366-D01E-4DA7-9929-8022B650B130}.Release|x86.Build.0 = Release|Any CPU
		{3870E124-CAB0-4FE8-B106-D1F69F3B42B2}.Debug|Any CPU.ActiveCfg = Debug|Any CPU
		{3870E124-CAB0-4FE8-B106-D1F69F3B42B2}.Debug|Any CPU.Build.0 = Debug|Any CPU
		{3870E124-CAB0-4FE8-B106-D1F69F3B42B2}.Debug|x64.ActiveCfg = Debug|Any CPU
		{3870E124-CAB0-4FE8-B106-D1F69F3B42B2}.Debug|x64.Build.0 = Debug|Any CPU
		{3870E124-CAB0-4FE8-B106-D1F69F3B42B2}.Debug|x86.ActiveCfg = Debug|Any CPU
		{3870E124-CAB0-4FE8-B106-D1F69F3B42B2}.Debug|x86.Build.0 = Debug|Any CPU
		{3870E124-CAB0-4FE8-B106-D1F69F3B42B2}.Release|Any CPU.ActiveCfg = Release|Any CPU
		{3870E124-CAB0-4FE8-B106-D1F69F3B42B2}.Release|Any CPU.Build.0 = Release|Any CPU
		{3870E124-CAB0-4FE8-B106-D1F69F3B42B2}.Release|x64.ActiveCfg = Release|Any CPU
		{3870E124-CAB0-4FE8-B106-D1F69F3B42B2}.Release|x64.Build.0 = Release|Any CPU
		{3870E124-CAB0-4FE8-B106-D1F69F3B42B2}.Release|x86.ActiveCfg = Release|Any CPU
		{3870E124-CAB0-4FE8-B106-D1F69F3B42B2}.Release|x86.Build.0 = Release|Any CPU
		{DDC9CE98-0935-4AFD-936F-225C26140C15}.Debug|Any CPU.ActiveCfg = Debug|Any CPU
		{DDC9CE98-0935-4AFD-936F-225C26140C15}.Debug|Any CPU.Build.0 = Debug|Any CPU
		{DDC9CE98-0935-4AFD-936F-225C26140C15}.Debug|x64.ActiveCfg = Debug|Any CPU
		{DDC9CE98-0935-4AFD-936F-225C26140C15}.Debug|x64.Build.0 = Debug|Any CPU
		{DDC9CE98-0935-4AFD-936F-225C26140C15}.Debug|x86.ActiveCfg = Debug|Any CPU
		{DDC9CE98-0935-4AFD-936F-225C26140C15}.Debug|x86.Build.0 = Debug|Any CPU
		{DDC9CE98-0935-4AFD-936F-225C26140C15}.Release|Any CPU.ActiveCfg = Release|Any CPU
		{DDC9CE98-0935-4AFD-936F-225C26140C15}.Release|Any CPU.Build.0 = Release|Any CPU
		{DDC9CE98-0935-4AFD-936F-225C26140C15}.Release|x64.ActiveCfg = Release|Any CPU
		{DDC9CE98-0935-4AFD-936F-225C26140C15}.Release|x64.Build.0 = Release|Any CPU
		{DDC9CE98-0935-4AFD-936F-225C26140C15}.Release|x86.ActiveCfg = Release|Any CPU
		{DDC9CE98-0935-4AFD-936F-225C26140C15}.Release|x86.Build.0 = Release|Any CPU
		{535AA7C2-C72D-4FA6-ADB3-C97565F57B3A}.Debug|Any CPU.ActiveCfg = Debug|Any CPU
		{535AA7C2-C72D-4FA6-ADB3-C97565F57B3A}.Debug|Any CPU.Build.0 = Debug|Any CPU
		{535AA7C2-C72D-4FA6-ADB3-C97565F57B3A}.Debug|x64.ActiveCfg = Debug|Any CPU
		{535AA7C2-C72D-4FA6-ADB3-C97565F57B3A}.Debug|x64.Build.0 = Debug|Any CPU
		{535AA7C2-C72D-4FA6-ADB3-C97565F57B3A}.Debug|x86.ActiveCfg = Debug|Any CPU
		{535AA7C2-C72D-4FA6-ADB3-C97565F57B3A}.Debug|x86.Build.0 = Debug|Any CPU
		{535AA7C2-C72D-4FA6-ADB3-C97565F57B3A}.Release|Any CPU.ActiveCfg = Release|Any CPU
		{535AA7C2-C72D-4FA6-ADB3-C97565F57B3A}.Release|Any CPU.Build.0 = Release|Any CPU
		{535AA7C2-C72D-4FA6-ADB3-C97565F57B3A}.Release|x64.ActiveCfg = Release|Any CPU
		{535AA7C2-C72D-4FA6-ADB3-C97565F57B3A}.Release|x64.Build.0 = Release|Any CPU
		{535AA7C2-C72D-4FA6-ADB3-C97565F57B3A}.Release|x86.ActiveCfg = Release|Any CPU
		{535AA7C2-C72D-4FA6-ADB3-C97565F57B3A}.Release|x86.Build.0 = Release|Any CPU
		{2E7BC511-5B57-4B24-8BA0-D7B697DFDD56}.Debug|Any CPU.ActiveCfg = Debug|Any CPU
		{2E7BC511-5B57-4B24-8BA0-D7B697DFDD56}.Debug|Any CPU.Build.0 = Debug|Any CPU
		{2E7BC511-5B57-4B24-8BA0-D7B697DFDD56}.Debug|x64.ActiveCfg = Debug|Any CPU
		{2E7BC511-5B57-4B24-8BA0-D7B697DFDD56}.Debug|x64.Build.0 = Debug|Any CPU
		{2E7BC511-5B57-4B24-8BA0-D7B697DFDD56}.Debug|x86.ActiveCfg = Debug|Any CPU
		{2E7BC511-5B57-4B24-8BA0-D7B697DFDD56}.Debug|x86.Build.0 = Debug|Any CPU
		{2E7BC511-5B57-4B24-8BA0-D7B697DFDD56}.Release|Any CPU.ActiveCfg = Release|Any CPU
		{2E7BC511-5B57-4B24-8BA0-D7B697DFDD56}.Release|Any CPU.Build.0 = Release|Any CPU
		{2E7BC511-5B57-4B24-8BA0-D7B697DFDD56}.Release|x64.ActiveCfg = Release|Any CPU
		{2E7BC511-5B57-4B24-8BA0-D7B697DFDD56}.Release|x64.Build.0 = Release|Any CPU
		{2E7BC511-5B57-4B24-8BA0-D7B697DFDD56}.Release|x86.ActiveCfg = Release|Any CPU
		{2E7BC511-5B57-4B24-8BA0-D7B697DFDD56}.Release|x86.Build.0 = Release|Any CPU
		{F05C31D7-B68B-415B-BEFE-FC6EACD55BFA}.Debug|Any CPU.ActiveCfg = Debug|Any CPU
		{F05C31D7-B68B-415B-BEFE-FC6EACD55BFA}.Debug|Any CPU.Build.0 = Debug|Any CPU
		{F05C31D7-B68B-415B-BEFE-FC6EACD55BFA}.Debug|x64.ActiveCfg = Debug|Any CPU
		{F05C31D7-B68B-415B-BEFE-FC6EACD55BFA}.Debug|x64.Build.0 = Debug|Any CPU
		{F05C31D7-B68B-415B-BEFE-FC6EACD55BFA}.Debug|x86.ActiveCfg = Debug|Any CPU
		{F05C31D7-B68B-415B-BEFE-FC6EACD55BFA}.Debug|x86.Build.0 = Debug|Any CPU
		{F05C31D7-B68B-415B-BEFE-FC6EACD55BFA}.Release|Any CPU.ActiveCfg = Release|Any CPU
		{F05C31D7-B68B-415B-BEFE-FC6EACD55BFA}.Release|Any CPU.Build.0 = Release|Any CPU
		{F05C31D7-B68B-415B-BEFE-FC6EACD55BFA}.Release|x64.ActiveCfg = Release|Any CPU
		{F05C31D7-B68B-415B-BEFE-FC6EACD55BFA}.Release|x64.Build.0 = Release|Any CPU
		{F05C31D7-B68B-415B-BEFE-FC6EACD55BFA}.Release|x86.ActiveCfg = Release|Any CPU
		{F05C31D7-B68B-415B-BEFE-FC6EACD55BFA}.Release|x86.Build.0 = Release|Any CPU
		{1A4CE0C3-614E-4E11-B400-E5642DD3FAA8}.Debug|Any CPU.ActiveCfg = Debug|Any CPU
		{1A4CE0C3-614E-4E11-B400-E5642DD3FAA8}.Debug|Any CPU.Build.0 = Debug|Any CPU
		{1A4CE0C3-614E-4E11-B400-E5642DD3FAA8}.Debug|x64.ActiveCfg = Debug|Any CPU
		{1A4CE0C3-614E-4E11-B400-E5642DD3FAA8}.Debug|x64.Build.0 = Debug|Any CPU
		{1A4CE0C3-614E-4E11-B400-E5642DD3FAA8}.Debug|x86.ActiveCfg = Debug|Any CPU
		{1A4CE0C3-614E-4E11-B400-E5642DD3FAA8}.Debug|x86.Build.0 = Debug|Any CPU
		{1A4CE0C3-614E-4E11-B400-E5642DD3FAA8}.Release|Any CPU.ActiveCfg = Release|Any CPU
		{1A4CE0C3-614E-4E11-B400-E5642DD3FAA8}.Release|Any CPU.Build.0 = Release|Any CPU
		{1A4CE0C3-614E-4E11-B400-E5642DD3FAA8}.Release|x64.ActiveCfg = Release|Any CPU
		{1A4CE0C3-614E-4E11-B400-E5642DD3FAA8}.Release|x64.Build.0 = Release|Any CPU
		{1A4CE0C3-614E-4E11-B400-E5642DD3FAA8}.Release|x86.ActiveCfg = Release|Any CPU
		{1A4CE0C3-614E-4E11-B400-E5642DD3FAA8}.Release|x86.Build.0 = Release|Any CPU
	EndGlobalSection
	GlobalSection(SolutionProperties) = preSolution
		HideSolutionNode = FALSE
	EndGlobalSection
	GlobalSection(NestedProjects) = preSolution
		{90298CBA-BD6F-3A0A-69D5-97CAD7B05E7E} = {827E0CD3-B72D-47B6-A68D-7590B98EB39B}
		{736F89C7-C5C5-62B3-32BC-46A086522850} = {90298CBA-BD6F-3A0A-69D5-97CAD7B05E7E}
		{11F46CA1-0AC6-4C99-A22B-63DE02E899FC} = {736F89C7-C5C5-62B3-32BC-46A086522850}
		{C92A0B3C-F306-3651-C119-886307923D07} = {90298CBA-BD6F-3A0A-69D5-97CAD7B05E7E}
		{0B003F5C-81C5-4EC7-85C5-D3ECEF2EED87} = {C92A0B3C-F306-3651-C119-886307923D07}
		{6A36946C-4F06-BE70-24E6-0B0F125A7F9F} = {90298CBA-BD6F-3A0A-69D5-97CAD7B05E7E}
		{6E940B2B-71AA-463E-AB4A-DB2F78B576A8} = {6A36946C-4F06-BE70-24E6-0B0F125A7F9F}
		{A7446B4C-3630-9B3B-F288-1F78CD1B2B87} = {90298CBA-BD6F-3A0A-69D5-97CAD7B05E7E}
		{54558AD5-6122-4ABE-ADA0-7D07A3C4AD83} = {A7446B4C-3630-9B3B-F288-1F78CD1B2B87}
		{EC447DCF-ABFA-6E24-52A5-D7FD48A5C558} = {827E0CD3-B72D-47B6-A68D-7590B98EB39B}
		{0EC62A1A-9858-3A60-8A0C-FC9AACFA2EC7} = {EC447DCF-ABFA-6E24-52A5-D7FD48A5C558}
		{BE8F623B-0FCF-401E-B54A-835B5849DDF4} = {0EC62A1A-9858-3A60-8A0C-FC9AACFA2EC7}
		{9048EB7F-3875-A59E-E36B-5BD4C6F2A282} = {827E0CD3-B72D-47B6-A68D-7590B98EB39B}
		{4C433B7C-37F5-E94F-BEEE-DFE0AC547019} = {9048EB7F-3875-A59E-E36B-5BD4C6F2A282}
		{4850E01C-D0B8-48FF-B81E-CED57794DD1E} = {4C433B7C-37F5-E94F-BEEE-DFE0AC547019}
		{03997797-E7F5-0643-168D-B8EA7178C2FE} = {827E0CD3-B72D-47B6-A68D-7590B98EB39B}
		{3481D7F2-205F-4C3C-AE51-2A617BF7EC97} = {03997797-E7F5-0643-168D-B8EA7178C2FE}
		{1E1EF545-4C18-AEE2-B997-7EF431518D3F} = {EC447DCF-ABFA-6E24-52A5-D7FD48A5C558}
		{2B71D366-D01E-4DA7-9929-8022B650B130} = {1E1EF545-4C18-AEE2-B997-7EF431518D3F}
		{46654706-AECF-9DFF-EB3C-EFBCAB2F9C56} = {EC447DCF-ABFA-6E24-52A5-D7FD48A5C558}
		{3870E124-CAB0-4FE8-B106-D1F69F3B42B2} = {46654706-AECF-9DFF-EB3C-EFBCAB2F9C56}
		{6E7B6FB6-1E98-6448-75A1-2A21B50F43BA} = {EC447DCF-ABFA-6E24-52A5-D7FD48A5C558}
		{DDC9CE98-0935-4AFD-936F-225C26140C15} = {6E7B6FB6-1E98-6448-75A1-2A21B50F43BA}
		{ED946FF7-A0A1-1D4E-31A9-2DE30C149B20} = {EC447DCF-ABFA-6E24-52A5-D7FD48A5C558}
		{535AA7C2-C72D-4FA6-ADB3-C97565F57B3A} = {ED946FF7-A0A1-1D4E-31A9-2DE30C149B20}
		{4F43CFE1-0B6A-E010-978F-8535D91792BE} = {EC447DCF-ABFA-6E24-52A5-D7FD48A5C558}
		{2E7BC511-5B57-4B24-8BA0-D7B697DFDD56} = {4F43CFE1-0B6A-E010-978F-8535D91792BE}
		{D5192F4A-E912-1A79-36EB-79C16AE1EE9C} = {EC447DCF-ABFA-6E24-52A5-D7FD48A5C558}
		{F05C31D7-B68B-415B-BEFE-FC6EACD55BFA} = {D5192F4A-E912-1A79-36EB-79C16AE1EE9C}
		{0C41E04B-02F0-4CF3-7D15-77AB6142752C} = {EC447DCF-ABFA-6E24-52A5-D7FD48A5C558}
		{1A4CE0C3-614E-4E11-B400-E5642DD3FAA8} = {0C41E04B-02F0-4CF3-7D15-77AB6142752C}
	EndGlobalSection
EndGlobal
